
Microsoft Visual Studio Solution File, Format Version 12.00
Project("{FAE04EC0-301F-11D3-BF4B-00C04F79EFBC}") = "MoneyTrackerToFIRE.Api", "MoneyTrackerToFIRE.Api\MoneyTrackerToFIRE.Api.csproj", "{9F3DC405-9671-40E8-8BD9-E63BD9A6BE08}"
EndProject
Project("{FAE04EC0-301F-11D3-BF4B-00C04F79EFBC}") = "MoneyTrackerToFIRE.Contracts", "MoneyTrackerToFIRE.Contracts\MoneyTrackerToFIRE.Contracts.csproj", "{B57DEFC2-4DC1-4DFF-9112-FABF7F63AA3D}"
EndProject
Project("{FAE04EC0-301F-11D3-BF4B-00C04F79EFBC}") = "MoneyTrackerToFIRE.Test", "MoneyTrackerToFIRE.Test\MoneyTrackerToFIRE.Test.csproj", "{F60149CA-0470-4969-82F7-8630C138DBF4}"
EndProject
Global
	GlobalSection(SolutionConfigurationPlatforms) = preSolution
		Debug|Any CPU = Debug|Any CPU
		Release|Any CPU = Release|Any CPU
	EndGlobalSection
	GlobalSection(ProjectConfigurationPlatforms) = postSolution
		{9F3DC405-9671-40E8-8BD9-E63BD9A6BE08}.Debug|Any CPU.ActiveCfg = Debug|Any CPU
		{9F3DC405-9671-40E8-8BD9-E63BD9A6BE08}.Debug|Any CPU.Build.0 = Debug|Any CPU
		{9F3DC405-9671-40E8-8BD9-E63BD9A6BE08}.Release|Any CPU.ActiveCfg = Release|Any CPU
		{9F3DC405-9671-40E8-8BD9-E63BD9A6BE08}.Release|Any CPU.Build.0 = Release|Any CPU
		{B57DEFC2-4DC1-4DFF-9112-FABF7F63AA3D}.Debug|Any CPU.ActiveCfg = Debug|Any CPU
		{B57DEFC2-4DC1-4DFF-9112-FABF7F63AA3D}.Debug|Any CPU.Build.0 = Debug|Any CPU
		{B57DEFC2-4DC1-4DFF-9112-FABF7F63AA3D}.Release|Any CPU.ActiveCfg = Release|Any CPU
		{B57DEFC2-4DC1-4DFF-9112-FABF7F63AA3D}.Release|Any CPU.Build.0 = Release|Any CPU
		{F60149CA-0470-4969-82F7-8630C138DBF4}.Debug|Any CPU.ActiveCfg = Debug|Any CPU
		{F60149CA-0470-4969-82F7-8630C138DBF4}.Debug|Any CPU.Build.0 = Debug|Any CPU
		{F60149CA-0470-4969-82F7-8630C138DBF4}.Release|Any CPU.ActiveCfg = Release|Any CPU
		{F60149CA-0470-4969-82F7-8630C138DBF4}.Release|Any CPU.Build.0 = Release|Any CPU
	EndGlobalSection
	GlobalSection(NestedProjects) = preSolution
	EndGlobalSection
EndGlobal
